
Microsoft Visual Studio Solution File, Format Version 12.00
# Visual Studio Version 16
VisualStudioVersion = 16.0.30611.23
MinimumVisualStudioVersion = 10.0.40219.1
Project("{9A19103F-16F7-4668-BE54-9A1E7A4F7556}") = "PROGESO", "PROGESO\PROGESO.csproj", "{AB16327A-6113-49BE-8B25-0A1BA728AC36}"
EndProject
Global
	GlobalSection(SolutionConfigurationPlatforms) = preSolution
		Debug|Any CPU = Debug|Any CPU
		Release|Any CPU = Release|Any CPU
	EndGlobalSection
	GlobalSection(ProjectConfigurationPlatforms) = postSolution
		{AB16327A-6113-49BE-8B25-0A1BA728AC36}.Debug|Any CPU.ActiveCfg = Debug|Any CPU
		{AB16327A-6113-49BE-8B25-0A1BA728AC36}.Debug|Any CPU.Build.0 = Debug|Any CPU
		{AB16327A-6113-49BE-8B25-0A1BA728AC36}.Release|Any CPU.ActiveCfg = Release|Any CPU
		{AB16327A-6113-49BE-8B25-0A1BA728AC36}.Release|Any CPU.Build.0 = Release|Any CPU
	EndGlobalSection
	GlobalSection(SolutionProperties) = preSolution
		HideSolutionNode = FALSE
	EndGlobalSection
	GlobalSection(ExtensibilityGlobals) = postSolution
		SolutionGuid = {58E94795-C202-4767-B52F-DAC76D8B6DA3}
	EndGlobalSection
EndGlobal
